
Microsoft Visual Studio Solution File, Format Version 9.00
# Visual Studio 2005
Project("{8BC9CEB8-8B4A-11D0-8D11-00A0C91BC942}") = "MobileToolKit", "MobileToolKit\MobileToolKit.vcproj", "{21086C75-66DA-43DF-A611-A283BC753E91}"
	ProjectSection(ProjectDependencies) = postProject
		{A4BFD0D8-B35C-47E5-A1EE-4364B4B92865} = {A4BFD0D8-B35C-47E5-A1EE-4364B4B92865}
		{D25F7132-0316-4D34-B6D6-7DB8AD76212E} = {D25F7132-0316-4D34-B6D6-7DB8AD76212E}
		{4671E932-3B6B-44C5-95D7-3BAFCBC8A20C} = {4671E932-3B6B-44C5-95D7-3BAFCBC8A20C}
		{DC2C9649-77A3-49D1-A8C8-17341625CD6F} = {DC2C9649-77A3-49D1-A8C8-17341625CD6F}
		{39D107AE-8357-42BD-83F0-0979D540C321} = {39D107AE-8357-42BD-83F0-0979D540C321}
		{57B021FD-B9FB-482A-ADA5-81933D81A42D} = {57B021FD-B9FB-482A-ADA5-81933D81A42D}
	EndProjectSection
EndProject
Project("{8BC9CEB8-8B4A-11D0-8D11-00A0C91BC942}") = "QisdaNVModule", "..\Modules\QisdaNVModule\QisdaNVModule.vcproj", "{D25F7132-0316-4D34-B6D6-7DB8AD76212E}"
	ProjectSection(ProjectDependencies) = postProject
		{11376385-FC09-4DA9-A9C6-6C03AE39805F} = {11376385-FC09-4DA9-A9C6-6C03AE39805F}
	EndProjectSection
EndProject
Project("{8BC9CEB8-8B4A-11D0-8D11-00A0C91BC942}") = "RequestManager", "..\RequestManager\RequestManager.vcproj", "{11376385-FC09-4DA9-A9C6-6C03AE39805F}"
	ProjectSection(ProjectDependencies) = postProject
		{3514292E-1544-4DE3-AFBA-3AE38D7D3284} = {3514292E-1544-4DE3-AFBA-3AE38D7D3284}
	EndProjectSection
EndProject
Project("{8BC9CEB8-8B4A-11D0-8D11-00A0C91BC942}") = "SerCOMLib", "..\odmtma_api\SerCOMLib\SerCOMLib.vcproj", "{3514292E-1544-4DE3-AFBA-3AE38D7D3284}"
EndProject
Project("{8BC9CEB8-8B4A-11D0-8D11-00A0C91BC942}") = "QisdaMiscellaneousModule", "..\Modules\QisdaMiscellaneousModule\QisdaMiscellaneousModule.vcproj", "{4671E932-3B6B-44C5-95D7-3BAFCBC8A20C}"
	ProjectSection(ProjectDependencies) = postProject
		{11376385-FC09-4DA9-A9C6-6C03AE39805F} = {11376385-FC09-4DA9-A9C6-6C03AE39805F}
	EndProjectSection
EndProject
Project("{8BC9CEB8-8B4A-11D0-8D11-00A0C91BC942}") = "QLib_Export", "..\QLib_Export\QLib_Export_share_UNICODE.vcproj", "{18ABEE75-C1D9-4271-ADF2-B7915E640FAD}"
EndProject
Project("{8BC9CEB8-8B4A-11D0-8D11-00A0C91BC942}") = "ODMCoachModule", "..\Modules\ODMCoachModule\ODMCoachModule.vcproj", "{39D107AE-8357-42BD-83F0-0979D540C321}"
	ProjectSection(ProjectDependencies) = postProject
		{3514292E-1544-4DE3-AFBA-3AE38D7D3284} = {3514292E-1544-4DE3-AFBA-3AE38D7D3284}
		{D25F7132-0316-4D34-B6D6-7DB8AD76212E} = {D25F7132-0316-4D34-B6D6-7DB8AD76212E}
		{18ABEE75-C1D9-4271-ADF2-B7915E640FAD} = {18ABEE75-C1D9-4271-ADF2-B7915E640FAD}
		{11376385-FC09-4DA9-A9C6-6C03AE39805F} = {11376385-FC09-4DA9-A9C6-6C03AE39805F}
	EndProjectSection
EndProject
Project("{8BC9CEB8-8B4A-11D0-8D11-00A0C91BC942}") = "QisdaSimLockModule", "..\Modules\QisdaSimLockModule\QisdaSimLockModule.vcproj", "{DC2C9649-77A3-49D1-A8C8-17341625CD6F}"
	ProjectSection(ProjectDependencies) = postProject
		{3514292E-1544-4DE3-AFBA-3AE38D7D3284} = {3514292E-1544-4DE3-AFBA-3AE38D7D3284}
		{11376385-FC09-4DA9-A9C6-6C03AE39805F} = {11376385-FC09-4DA9-A9C6-6C03AE39805F}
	EndProjectSection
EndProject
Project("{8BC9CEB8-8B4A-11D0-8D11-00A0C91BC942}") = "QisdaQualcommDownloadModule", "..\Modules\QisdaQualcommDownloadModule\QisdaQualcommDownloadModule.vcproj", "{57B021FD-B9FB-482A-ADA5-81933D81A42D}"
	ProjectSection(ProjectDependencies) = postProject
		{11376385-FC09-4DA9-A9C6-6C03AE39805F} = {11376385-FC09-4DA9-A9C6-6C03AE39805F}
		{57155A48-25AC-47B9-A023-D57B262ACBB8} = {57155A48-25AC-47B9-A023-D57B262ACBB8}
	EndProjectSection
EndProject
Project("{8BC9CEB8-8B4A-11D0-8D11-00A0C91BC942}") = "SPU", "SPU\SPU.vcproj", "{5FD1C264-EF59-4D4B-BD7F-70FB5BD831F8}"
EndProject
Project("{8BC9CEB8-8B4A-11D0-8D11-00A0C91BC942}") = "SPU_Loader", "SPU_Loader\SPU_Loader.vcproj", "{45DA41E9-B6D0-4762-A037-94921992A02D}"
	ProjectSection(ProjectDependencies) = postProject
		{5FD1C264-EF59-4D4B-BD7F-70FB5BD831F8} = {5FD1C264-EF59-4D4B-BD7F-70FB5BD831F8}
	EndProjectSection
EndProject
Project("{8BC9CEB8-8B4A-11D0-8D11-00A0C91BC942}") = "MobileFinder", "..\Components\MobileFinder\MobileFinder.vcproj", "{57155A48-25AC-47B9-A023-D57B262ACBB8}"
EndProject
Project("{8BC9CEB8-8B4A-11D0-8D11-00A0C91BC942}") = "QisdaEFsModule", "..\Modules\QisdaEFsModule\QisdaEFsModule.vcproj", "{A4BFD0D8-B35C-47E5-A1EE-4364B4B92865}"
	ProjectSection(ProjectDependencies) = postProject
		{11376385-FC09-4DA9-A9C6-6C03AE39805F} = {11376385-FC09-4DA9-A9C6-6C03AE39805F}
	EndProjectSection
EndProject
Project("{8BC9CEB8-8B4A-11D0-8D11-00A0C91BC942}") = "FactoryIMEIDll", "FactoryIMEIDll\FactoryIMEIDll.vcproj", "{E69B8665-08A0-43C5-BDDE-38843D5A71EC}"
EndProject
Project("{8BC9CEB8-8B4A-11D0-8D11-00A0C91BC942}") = "QUALCOMM_IMEI_CODING", "GLAVS1A_IMEI_CODING_V0.20\QUALCOMM_IMEI_CODING.vcproj", "{AC083F7D-1DAB-40AD-86D8-9847785A1EED}"
	ProjectSection(ProjectDependencies) = postProject
		{E69B8665-08A0-43C5-BDDE-38843D5A71EC} = {E69B8665-08A0-43C5-BDDE-38843D5A71EC}
		{21086C75-66DA-43DF-A611-A283BC753E91} = {21086C75-66DA-43DF-A611-A283BC753E91}
		{45DA41E9-B6D0-4762-A037-94921992A02D} = {45DA41E9-B6D0-4762-A037-94921992A02D}
	EndProjectSection
EndProject
Global
	GlobalSection(SolutionConfigurationPlatforms) = preSolution
		Debug|Win32 = Debug|Win32
		Release|Win32 = Release|Win32
		Share_Unicode_Debug|Win32 = Share_Unicode_Debug|Win32
		Share_Unicode_Release|Win32 = Share_Unicode_Release|Win32
		Static_Multibyte_Debug|Win32 = Static_Multibyte_Debug|Win32
		Static_Multibyte_Release_Without_Log|Win32 = Static_Multibyte_Release_Without_Log|Win32
		Static_Multibyte_Release|Win32 = Static_Multibyte_Release|Win32
	EndGlobalSection
	GlobalSection(ProjectConfigurationPlatforms) = postSolution
		{21086C75-66DA-43DF-A611-A283BC753E91}.Debug|Win32.ActiveCfg = Static_Multibyte_Debug|Win32
		{21086C75-66DA-43DF-A611-A283BC753E91}.Debug|Win32.Build.0 = Static_Multibyte_Debug|Win32
		{21086C75-66DA-43DF-A611-A283BC753E91}.Release|Win32.ActiveCfg = Static_Multibyte_Release|Win32
		{21086C75-66DA-43DF-A611-A283BC753E91}.Release|Win32.Build.0 = Static_Multibyte_Release|Win32
		{21086C75-66DA-43DF-A611-A283BC753E91}.Share_Unicode_Debug|Win32.ActiveCfg = Share_Multibyte_Release|Win32
		{21086C75-66DA-43DF-A611-A283BC753E91}.Share_Unicode_Debug|Win32.Build.0 = Share_Multibyte_Release|Win32
		{21086C75-66DA-43DF-A611-A283BC753E91}.Share_Unicode_Release|Win32.ActiveCfg = Share_Multibyte_Release|Win32
		{21086C75-66DA-43DF-A611-A283BC753E91}.Share_Unicode_Release|Win32.Build.0 = Share_Multibyte_Release|Win32
		{21086C75-66DA-43DF-A611-A283BC753E91}.Static_Multibyte_Debug|Win32.ActiveCfg = Static_Multibyte_Debug|Win32
		{21086C75-66DA-43DF-A611-A283BC753E91}.Static_Multibyte_Debug|Win32.Build.0 = Static_Multibyte_Debug|Win32
		{21086C75-66DA-43DF-A611-A283BC753E91}.Static_Multibyte_Release_Without_Log|Win32.ActiveCfg = Static_Multibyte_Release|Win32
		{21086C75-66DA-43DF-A611-A283BC753E91}.Static_Multibyte_Release_Without_Log|Win32.Build.0 = Static_Multibyte_Release|Win32
		{21086C75-66DA-43DF-A611-A283BC753E91}.Static_Multibyte_Release|Win32.ActiveCfg = Static_Multibyte_Release|Win32
		{21086C75-66DA-43DF-A611-A283BC753E91}.Static_Multibyte_Release|Win32.Build.0 = Static_Multibyte_Release|Win32
		{D25F7132-0316-4D34-B6D6-7DB8AD76212E}.Debug|Win32.ActiveCfg = Static_Multibyte_Debug|Win32
		{D25F7132-0316-4D34-B6D6-7DB8AD76212E}.Debug|Win32.Build.0 = Static_Multibyte_Debug|Win32
		{D25F7132-0316-4D34-B6D6-7DB8AD76212E}.Release|Win32.ActiveCfg = Static_Multibyte_Release|Win32
		{D25F7132-0316-4D34-B6D6-7DB8AD76212E}.Release|Win32.Build.0 = Static_Multibyte_Release|Win32
		{D25F7132-0316-4D34-B6D6-7DB8AD76212E}.Share_Unicode_Debug|Win32.ActiveCfg = Debug|Win32
		{D25F7132-0316-4D34-B6D6-7DB8AD76212E}.Share_Unicode_Debug|Win32.Build.0 = Debug|Win32
		{D25F7132-0316-4D34-B6D6-7DB8AD76212E}.Share_Unicode_Release|Win32.ActiveCfg = Release|Win32
		{D25F7132-0316-4D34-B6D6-7DB8AD76212E}.Share_Unicode_Release|Win32.Build.0 = Release|Win32
		{D25F7132-0316-4D34-B6D6-7DB8AD76212E}.Static_Multibyte_Debug|Win32.ActiveCfg = Static_Multibyte_Debug|Win32
		{D25F7132-0316-4D34-B6D6-7DB8AD76212E}.Static_Multibyte_Debug|Win32.Build.0 = Static_Multibyte_Debug|Win32
		{D25F7132-0316-4D34-B6D6-7DB8AD76212E}.Static_Multibyte_Release_Without_Log|Win32.ActiveCfg = Static_Multibyte_Release_Without_Log|Win32
		{D25F7132-0316-4D34-B6D6-7DB8AD76212E}.Static_Multibyte_Release_Without_Log|Win32.Build.0 = Static_Multibyte_Release_Without_Log|Win32
		{D25F7132-0316-4D34-B6D6-7DB8AD76212E}.Static_Multibyte_Release|Win32.ActiveCfg = Static_Multibyte_Release|Win32
		{D25F7132-0316-4D34-B6D6-7DB8AD76212E}.Static_Multibyte_Release|Win32.Build.0 = Static_Multibyte_Release|Win32
		{11376385-FC09-4DA9-A9C6-6C03AE39805F}.Debug|Win32.ActiveCfg = Static_Multibyte_Debug|Win32
		{11376385-FC09-4DA9-A9C6-6C03AE39805F}.Debug|Win32.Build.0 = Static_Multibyte_Debug|Win32
		{11376385-FC09-4DA9-A9C6-6C03AE39805F}.Release|Win32.ActiveCfg = Static_Multibyte_Release|Win32
		{11376385-FC09-4DA9-A9C6-6C03AE39805F}.Release|Win32.Build.0 = Static_Multibyte_Release|Win32
		{11376385-FC09-4DA9-A9C6-6C03AE39805F}.Share_Unicode_Debug|Win32.ActiveCfg = Debug|Win32
		{11376385-FC09-4DA9-A9C6-6C03AE39805F}.Share_Unicode_Debug|Win32.Build.0 = Debug|Win32
		{11376385-FC09-4DA9-A9C6-6C03AE39805F}.Share_Unicode_Release|Win32.ActiveCfg = Release|Win32
		{11376385-FC09-4DA9-A9C6-6C03AE39805F}.Share_Unicode_Release|Win32.Build.0 = Release|Win32
		{11376385-FC09-4DA9-A9C6-6C03AE39805F}.Static_Multibyte_Debug|Win32.ActiveCfg = Static_Multibyte_Debug|Win32
		{11376385-FC09-4DA9-A9C6-6C03AE39805F}.Static_Multibyte_Debug|Win32.Build.0 = Static_Multibyte_Debug|Win32
		{11376385-FC09-4DA9-A9C6-6C03AE39805F}.Static_Multibyte_Release_Without_Log|Win32.ActiveCfg = Static_Multibyte_Release|Win32
		{11376385-FC09-4DA9-A9C6-6C03AE39805F}.Static_Multibyte_Release_Without_Log|Win32.Build.0 = Static_Multibyte_Release|Win32
		{11376385-FC09-4DA9-A9C6-6C03AE39805F}.Static_Multibyte_Release|Win32.ActiveCfg = Static_Multibyte_Release|Win32
		{11376385-FC09-4DA9-A9C6-6C03AE39805F}.Static_Multibyte_Release|Win32.Build.0 = Static_Multibyte_Release|Win32
		{3514292E-1544-4DE3-AFBA-3AE38D7D3284}.Debug|Win32.ActiveCfg = Static_Multibyte_Debug|Win32
		{3514292E-1544-4DE3-AFBA-3AE38D7D3284}.Debug|Win32.Build.0 = Static_Multibyte_Debug|Win32
		{3514292E-1544-4DE3-AFBA-3AE38D7D3284}.Release|Win32.ActiveCfg = Static_Multibyte_Release|Win32
		{3514292E-1544-4DE3-AFBA-3AE38D7D3284}.Release|Win32.Build.0 = Static_Multibyte_Release|Win32
		{3514292E-1544-4DE3-AFBA-3AE38D7D3284}.Share_Unicode_Debug|Win32.ActiveCfg = Share_Multibyte_Release_Without_Log|Win32
		{3514292E-1544-4DE3-AFBA-3AE38D7D3284}.Share_Unicode_Debug|Win32.Build.0 = Share_Multibyte_Release_Without_Log|Win32
		{3514292E-1544-4DE3-AFBA-3AE38D7D3284}.Share_Unicode_Release|Win32.ActiveCfg = Release|Win32
		{3514292E-1544-4DE3-AFBA-3AE38D7D3284}.Share_Unicode_Release|Win32.Build.0 = Release|Win32
		{3514292E-1544-4DE3-AFBA-3AE38D7D3284}.Static_Multibyte_Debug|Win32.ActiveCfg = Static_Multibyte_Debug|Win32
		{3514292E-1544-4DE3-AFBA-3AE38D7D3284}.Static_Multibyte_Debug|Win32.Build.0 = Static_Multibyte_Debug|Win32
		{3514292E-1544-4DE3-AFBA-3AE38D7D3284}.Static_Multibyte_Release_Without_Log|Win32.ActiveCfg = Static_Multibyte_Release_Without_Log|Win32
		{3514292E-1544-4DE3-AFBA-3AE38D7D3284}.Static_Multibyte_Release_Without_Log|Win32.Build.0 = Static_Multibyte_Release_Without_Log|Win32
		{3514292E-1544-4DE3-AFBA-3AE38D7D3284}.Static_Multibyte_Release|Win32.ActiveCfg = Static_Multibyte_Release|Win32
		{3514292E-1544-4DE3-AFBA-3AE38D7D3284}.Static_Multibyte_Release|Win32.Build.0 = Static_Multibyte_Release|Win32
		{4671E932-3B6B-44C5-95D7-3BAFCBC8A20C}.Debug|Win32.ActiveCfg = Static_Multibyte_Debug|Win32
		{4671E932-3B6B-44C5-95D7-3BAFCBC8A20C}.Debug|Win32.Build.0 = Static_Multibyte_Debug|Win32
		{4671E932-3B6B-44C5-95D7-3BAFCBC8A20C}.Release|Win32.ActiveCfg = Static_Multibyte_Release|Win32
		{4671E932-3B6B-44C5-95D7-3BAFCBC8A20C}.Release|Win32.Build.0 = Static_Multibyte_Release|Win32
		{4671E932-3B6B-44C5-95D7-3BAFCBC8A20C}.Share_Unicode_Debug|Win32.ActiveCfg = Debug|Win32
		{4671E932-3B6B-44C5-95D7-3BAFCBC8A20C}.Share_Unicode_Debug|Win32.Build.0 = Debug|Win32
		{4671E932-3B6B-44C5-95D7-3BAFCBC8A20C}.Share_Unicode_Release|Win32.ActiveCfg = Release|Win32
		{4671E932-3B6B-44C5-95D7-3BAFCBC8A20C}.Share_Unicode_Release|Win32.Build.0 = Release|Win32
		{4671E932-3B6B-44C5-95D7-3BAFCBC8A20C}.Static_Multibyte_Debug|Win32.ActiveCfg = Static_Multibyte_Debug|Win32
		{4671E932-3B6B-44C5-95D7-3BAFCBC8A20C}.Static_Multibyte_Debug|Win32.Build.0 = Static_Multibyte_Debug|Win32
		{4671E932-3B6B-44C5-95D7-3BAFCBC8A20C}.Static_Multibyte_Release_Without_Log|Win32.ActiveCfg = Static_Multibyte_Release_Without_Log|Win32
		{4671E932-3B6B-44C5-95D7-3BAFCBC8A20C}.Static_Multibyte_Release_Without_Log|Win32.Build.0 = Static_Multibyte_Release_Without_Log|Win32
		{4671E932-3B6B-44C5-95D7-3BAFCBC8A20C}.Static_Multibyte_Release|Win32.ActiveCfg = Static_Multibyte_Release|Win32
		{4671E932-3B6B-44C5-95D7-3BAFCBC8A20C}.Static_Multibyte_Release|Win32.Build.0 = Static_Multibyte_Release|Win32
		{18ABEE75-C1D9-4271-ADF2-B7915E640FAD}.Debug|Win32.ActiveCfg = Static_Multibyte_Debug|Win32
		{18ABEE75-C1D9-4271-ADF2-B7915E640FAD}.Debug|Win32.Build.0 = Static_Multibyte_Debug|Win32
		{18ABEE75-C1D9-4271-ADF2-B7915E640FAD}.Release|Win32.ActiveCfg = Static_Multibyte_Release|Win32
		{18ABEE75-C1D9-4271-ADF2-B7915E640FAD}.Release|Win32.Build.0 = Static_Multibyte_Release|Win32
		{18ABEE75-C1D9-4271-ADF2-B7915E640FAD}.Share_Unicode_Debug|Win32.ActiveCfg = Debug|Win32
		{18ABEE75-C1D9-4271-ADF2-B7915E640FAD}.Share_Unicode_Debug|Win32.Build.0 = Debug|Win32
		{18ABEE75-C1D9-4271-ADF2-B7915E640FAD}.Share_Unicode_Release|Win32.ActiveCfg = Release|Win32
		{18ABEE75-C1D9-4271-ADF2-B7915E640FAD}.Share_Unicode_Release|Win32.Build.0 = Release|Win32
		{18ABEE75-C1D9-4271-ADF2-B7915E640FAD}.Static_Multibyte_Debug|Win32.ActiveCfg = Static_Multibyte_Debug|Win32
		{18ABEE75-C1D9-4271-ADF2-B7915E640FAD}.Static_Multibyte_Debug|Win32.Build.0 = Static_Multibyte_Debug|Win32
		{18ABEE75-C1D9-4271-ADF2-B7915E640FAD}.Static_Multibyte_Release_Without_Log|Win32.ActiveCfg = Static_Multibyte_Release|Win32
		{18ABEE75-C1D9-4271-ADF2-B7915E640FAD}.Static_Multibyte_Release_Without_Log|Win32.Build.0 = Static_Multibyte_Release|Win32
		{18ABEE75-C1D9-4271-ADF2-B7915E640FAD}.Static_Multibyte_Release|Win32.ActiveCfg = Static_Multibyte_Release|Win32
		{18ABEE75-C1D9-4271-ADF2-B7915E640FAD}.Static_Multibyte_Release|Win32.Build.0 = Static_Multibyte_Release|Win32
		{39D107AE-8357-42BD-83F0-0979D540C321}.Debug|Win32.ActiveCfg = Static_Multibyte_Debug|Win32
		{39D107AE-8357-42BD-83F0-0979D540C321}.Debug|Win32.Build.0 = Static_Multibyte_Debug|Win32
		{39D107AE-8357-42BD-83F0-0979D540C321}.Release|Win32.ActiveCfg = Static_Multibyte_Release|Win32
		{39D107AE-8357-42BD-83F0-0979D540C321}.Release|Win32.Build.0 = Static_Multibyte_Release|Win32
		{39D107AE-8357-42BD-83F0-0979D540C321}.Share_Unicode_Debug|Win32.ActiveCfg = Share_MultiByte_Debug|Win32
		{39D107AE-8357-42BD-83F0-0979D540C321}.Share_Unicode_Debug|Win32.Build.0 = Share_MultiByte_Debug|Win32
		{39D107AE-8357-42BD-83F0-0979D540C321}.Share_Unicode_Release|Win32.ActiveCfg = Share_MultiByte_Debug|Win32
		{39D107AE-8357-42BD-83F0-0979D540C321}.Share_Unicode_Release|Win32.Build.0 = Share_MultiByte_Debug|Win32
		{39D107AE-8357-42BD-83F0-0979D540C321}.Static_Multibyte_Debug|Win32.ActiveCfg = Static_Multibyte_Debug|Win32
		{39D107AE-8357-42BD-83F0-0979D540C321}.Static_Multibyte_Debug|Win32.Build.0 = Static_Multibyte_Debug|Win32
		{39D107AE-8357-42BD-83F0-0979D540C321}.Static_Multibyte_Release_Without_Log|Win32.ActiveCfg = Static_Multibyte_Release|Win32
		{39D107AE-8357-42BD-83F0-0979D540C321}.Static_Multibyte_Release_Without_Log|Win32.Build.0 = Static_Multibyte_Release|Win32
		{39D107AE-8357-42BD-83F0-0979D540C321}.Static_Multibyte_Release|Win32.ActiveCfg = Static_Multibyte_Release|Win32
		{39D107AE-8357-42BD-83F0-0979D540C321}.Static_Multibyte_Release|Win32.Build.0 = Static_Multibyte_Release|Win32
		{DC2C9649-77A3-49D1-A8C8-17341625CD6F}.Debug|Win32.ActiveCfg = Static_Multibyte_Debug|Win32
		{DC2C9649-77A3-49D1-A8C8-17341625CD6F}.Debug|Win32.Build.0 = Static_Multibyte_Debug|Win32
		{DC2C9649-77A3-49D1-A8C8-17341625CD6F}.Release|Win32.ActiveCfg = Static_Multibyte_Release|Win32
		{DC2C9649-77A3-49D1-A8C8-17341625CD6F}.Release|Win32.Build.0 = Static_Multibyte_Release|Win32
		{DC2C9649-77A3-49D1-A8C8-17341625CD6F}.Share_Unicode_Debug|Win32.ActiveCfg = Debug|Win32
		{DC2C9649-77A3-49D1-A8C8-17341625CD6F}.Share_Unicode_Debug|Win32.Build.0 = Debug|Win32
		{DC2C9649-77A3-49D1-A8C8-17341625CD6F}.Share_Unicode_Release|Win32.ActiveCfg = Release|Win32
		{DC2C9649-77A3-49D1-A8C8-17341625CD6F}.Share_Unicode_Release|Win32.Build.0 = Release|Win32
		{DC2C9649-77A3-49D1-A8C8-17341625CD6F}.Static_Multibyte_Debug|Win32.ActiveCfg = Static_Multibyte_Debug|Win32
		{DC2C9649-77A3-49D1-A8C8-17341625CD6F}.Static_Multibyte_Debug|Win32.Build.0 = Static_Multibyte_Debug|Win32
		{DC2C9649-77A3-49D1-A8C8-17341625CD6F}.Static_Multibyte_Release_Without_Log|Win32.ActiveCfg = Static_Multibyte_Release_Without_Log|Win32
		{DC2C9649-77A3-49D1-A8C8-17341625CD6F}.Static_Multibyte_Release_Without_Log|Win32.Build.0 = Static_Multibyte_Release_Without_Log|Win32
		{DC2C9649-77A3-49D1-A8C8-17341625CD6F}.Static_Multibyte_Release|Win32.ActiveCfg = Static_Multibyte_Release|Win32
		{DC2C9649-77A3-49D1-A8C8-17341625CD6F}.Static_Multibyte_Release|Win32.Build.0 = Static_Multibyte_Release|Win32
		{57B021FD-B9FB-482A-ADA5-81933D81A42D}.Debug|Win32.ActiveCfg = Static_Multibyte_Debug|Win32
		{57B021FD-B9FB-482A-ADA5-81933D81A42D}.Debug|Win32.Build.0 = Static_Multibyte_Debug|Win32
		{57B021FD-B9FB-482A-ADA5-81933D81A42D}.Release|Win32.ActiveCfg = Static_Multibyte_Release_Without_Log|Win32
		{57B021FD-B9FB-482A-ADA5-81933D81A42D}.Release|Win32.Build.0 = Static_Multibyte_Release_Without_Log|Win32
		{57B021FD-B9FB-482A-ADA5-81933D81A42D}.Share_Unicode_Debug|Win32.ActiveCfg = Debug|Win32
		{57B021FD-B9FB-482A-ADA5-81933D81A42D}.Share_Unicode_Debug|Win32.Build.0 = Debug|Win32
		{57B021FD-B9FB-482A-ADA5-81933D81A42D}.Share_Unicode_Release|Win32.ActiveCfg = Release|Win32
		{57B021FD-B9FB-482A-ADA5-81933D81A42D}.Share_Unicode_Release|Win32.Build.0 = Release|Win32
		{57B021FD-B9FB-482A-ADA5-81933D81A42D}.Static_Multibyte_Debug|Win32.ActiveCfg = Static_Multibyte_Debug|Win32
		{57B021FD-B9FB-482A-ADA5-81933D81A42D}.Static_Multibyte_Debug|Win32.Build.0 = Static_Multibyte_Debug|Win32
		{57B021FD-B9FB-482A-ADA5-81933D81A42D}.Static_Multibyte_Release_Without_Log|Win32.ActiveCfg = Static_Multibyte_Release_Without_Log|Win32
		{57B021FD-B9FB-482A-ADA5-81933D81A42D}.Static_Multibyte_Release_Without_Log|Win32.Build.0 = Static_Multibyte_Release_Without_Log|Win32
		{57B021FD-B9FB-482A-ADA5-81933D81A42D}.Static_Multibyte_Release|Win32.ActiveCfg = Static_Multibyte_Release|Win32
		{57B021FD-B9FB-482A-ADA5-81933D81A42D}.Static_Multibyte_Release|Win32.Build.0 = Static_Multibyte_Release|Win32
		{5FD1C264-EF59-4D4B-BD7F-70FB5BD831F8}.Debug|Win32.ActiveCfg = Static_Multibyte_Debug|Win32
		{5FD1C264-EF59-4D4B-BD7F-70FB5BD831F8}.Debug|Win32.Build.0 = Static_Multibyte_Debug|Win32
		{5FD1C264-EF59-4D4B-BD7F-70FB5BD831F8}.Release|Win32.ActiveCfg = Static_Multibyte_Release|Win32
		{5FD1C264-EF59-4D4B-BD7F-70FB5BD831F8}.Release|Win32.Build.0 = Static_Multibyte_Release|Win32
		{5FD1C264-EF59-4D4B-BD7F-70FB5BD831F8}.Share_Unicode_Debug|Win32.ActiveCfg = Static_Multibyte_Release|Win32
		{5FD1C264-EF59-4D4B-BD7F-70FB5BD831F8}.Share_Unicode_Debug|Win32.Build.0 = Static_Multibyte_Release|Win32
		{5FD1C264-EF59-4D4B-BD7F-70FB5BD831F8}.Share_Unicode_Release|Win32.ActiveCfg = Static_Multibyte_Release|Win32
		{5FD1C264-EF59-4D4B-BD7F-70FB5BD831F8}.Share_Unicode_Release|Win32.Build.0 = Static_Multibyte_Release|Win32
		{5FD1C264-EF59-4D4B-BD7F-70FB5BD831F8}.Static_Multibyte_Debug|Win32.ActiveCfg = Static_Multibyte_Debug|Win32
		{5FD1C264-EF59-4D4B-BD7F-70FB5BD831F8}.Static_Multibyte_Debug|Win32.Build.0 = Static_Multibyte_Debug|Win32
		{5FD1C264-EF59-4D4B-BD7F-70FB5BD831F8}.Static_Multibyte_Release_Without_Log|Win32.ActiveCfg = Static_Multibyte_Release|Win32
		{5FD1C264-EF59-4D4B-BD7F-70FB5BD831F8}.Static_Multibyte_Release_Without_Log|Win32.Build.0 = Static_Multibyte_Release|Win32
		{5FD1C264-EF59-4D4B-BD7F-70FB5BD831F8}.Static_Multibyte_Release|Win32.ActiveCfg = Static_Multibyte_Release|Win32
		{5FD1C264-EF59-4D4B-BD7F-70FB5BD831F8}.Static_Multibyte_Release|Win32.Build.0 = Static_Multibyte_Release|Win32
		{45DA41E9-B6D0-4762-A037-94921992A02D}.Debug|Win32.ActiveCfg = Static_Multibyte_Debug|Win32
		{45DA41E9-B6D0-4762-A037-94921992A02D}.Debug|Win32.Build.0 = Static_Multibyte_Debug|Win32
		{45DA41E9-B6D0-4762-A037-94921992A02D}.Release|Win32.ActiveCfg = Static_Multibyte_Release|Win32
		{45DA41E9-B6D0-4762-A037-94921992A02D}.Release|Win32.Build.0 = Static_Multibyte_Release|Win32
		{45DA41E9-B6D0-4762-A037-94921992A02D}.Share_Unicode_Debug|Win32.ActiveCfg = Static_Multibyte_Release|Win32
		{45DA41E9-B6D0-4762-A037-94921992A02D}.Share_Unicode_Debug|Win32.Build.0 = Static_Multibyte_Release|Win32
		{45DA41E9-B6D0-4762-A037-94921992A02D}.Share_Unicode_Release|Win32.ActiveCfg = Static_Multibyte_Release|Win32
		{45DA41E9-B6D0-4762-A037-94921992A02D}.Share_Unicode_Release|Win32.Build.0 = Static_Multibyte_Release|Win32
		{45DA41E9-B6D0-4762-A037-94921992A02D}.Static_Multibyte_Debug|Win32.ActiveCfg = Static_Multibyte_Debug|Win32
		{45DA41E9-B6D0-4762-A037-94921992A02D}.Static_Multibyte_Debug|Win32.Build.0 = Static_Multibyte_Debug|Win32
		{45DA41E9-B6D0-4762-A037-94921992A02D}.Static_Multibyte_Release_Without_Log|Win32.ActiveCfg = Static_Multibyte_Release|Win32
		{45DA41E9-B6D0-4762-A037-94921992A02D}.Static_Multibyte_Release_Without_Log|Win32.Build.0 = Static_Multibyte_Release|Win32
		{45DA41E9-B6D0-4762-A037-94921992A02D}.Static_Multibyte_Release|Win32.ActiveCfg = Static_Multibyte_Release|Win32
		{45DA41E9-B6D0-4762-A037-94921992A02D}.Static_Multibyte_Release|Win32.Build.0 = Static_Multibyte_Release|Win32
		{57155A48-25AC-47B9-A023-D57B262ACBB8}.Debug|Win32.ActiveCfg = Static_Unicode_Debug|Win32
		{57155A48-25AC-47B9-A023-D57B262ACBB8}.Debug|Win32.Build.0 = Static_Unicode_Debug|Win32
		{57155A48-25AC-47B9-A023-D57B262ACBB8}.Release|Win32.ActiveCfg = Static_Multibyte_Release|Win32
		{57155A48-25AC-47B9-A023-D57B262ACBB8}.Release|Win32.Build.0 = Static_Multibyte_Release|Win32
		{57155A48-25AC-47B9-A023-D57B262ACBB8}.Share_Unicode_Debug|Win32.ActiveCfg = Share_Unicode_Debug|Win32
		{57155A48-25AC-47B9-A023-D57B262ACBB8}.Share_Unicode_Debug|Win32.Build.0 = Share_Unicode_Debug|Win32
		{57155A48-25AC-47B9-A023-D57B262ACBB8}.Share_Unicode_Release|Win32.ActiveCfg = Share_Unicode_Release|Win32
		{57155A48-25AC-47B9-A023-D57B262ACBB8}.Share_Unicode_Release|Win32.Build.0 = Share_Unicode_Release|Win32
		{57155A48-25AC-47B9-A023-D57B262ACBB8}.Static_Multibyte_Debug|Win32.ActiveCfg = Static_Multibyte_Debug|Win32
		{57155A48-25AC-47B9-A023-D57B262ACBB8}.Static_Multibyte_Debug|Win32.Build.0 = Static_Multibyte_Debug|Win32
		{57155A48-25AC-47B9-A023-D57B262ACBB8}.Static_Multibyte_Release_Without_Log|Win32.ActiveCfg = Static_Unicode_Release|Win32
		{57155A48-25AC-47B9-A023-D57B262ACBB8}.Static_Multibyte_Release_Without_Log|Win32.Build.0 = Static_Unicode_Release|Win32
		{57155A48-25AC-47B9-A023-D57B262ACBB8}.Static_Multibyte_Release|Win32.ActiveCfg = Static_Multibyte_Release|Win32
		{57155A48-25AC-47B9-A023-D57B262ACBB8}.Static_Multibyte_Release|Win32.Build.0 = Static_Multibyte_Release|Win32
		{A4BFD0D8-B35C-47E5-A1EE-4364B4B92865}.Debug|Win32.ActiveCfg = Static_Multibyte_Debug|Win32
		{A4BFD0D8-B35C-47E5-A1EE-4364B4B92865}.Debug|Win32.Build.0 = Static_Multibyte_Debug|Win32
		{A4BFD0D8-B35C-47E5-A1EE-4364B4B92865}.Release|Win32.ActiveCfg = Static_Multibyte_Release|Win32
		{A4BFD0D8-B35C-47E5-A1EE-4364B4B92865}.Release|Win32.Build.0 = Static_Multibyte_Release|Win32
		{A4BFD0D8-B35C-47E5-A1EE-4364B4B92865}.Share_Unicode_Debug|Win32.ActiveCfg = Share_Multibyte_Release|Win32
		{A4BFD0D8-B35C-47E5-A1EE-4364B4B92865}.Share_Unicode_Debug|Win32.Build.0 = Share_Multibyte_Release|Win32
		{A4BFD0D8-B35C-47E5-A1EE-4364B4B92865}.Share_Unicode_Release|Win32.ActiveCfg = Share_Multibyte_Release|Win32
		{A4BFD0D8-B35C-47E5-A1EE-4364B4B92865}.Share_Unicode_Release|Win32.Build.0 = Share_Multibyte_Release|Win32
		{A4BFD0D8-B35C-47E5-A1EE-4364B4B92865}.Static_Multibyte_Debug|Win32.ActiveCfg = Static_Multibyte_Debug|Win32
		{A4BFD0D8-B35C-47E5-A1EE-4364B4B92865}.Static_Multibyte_Debug|Win32.Build.0 = Static_Multibyte_Debug|Win32
		{A4BFD0D8-B35C-47E5-A1EE-4364B4B92865}.Static_Multibyte_Release_Without_Log|Win32.ActiveCfg = Static_Multibyte_Release_Without_Log|Win32
		{A4BFD0D8-B35C-47E5-A1EE-4364B4B92865}.Static_Multibyte_Release_Without_Log|Win32.Build.0 = Static_Multibyte_Release_Without_Log|Win32
		{A4BFD0D8-B35C-47E5-A1EE-4364B4B92865}.Static_Multibyte_Release|Win32.ActiveCfg = Static_Multibyte_Release|Win32
		{A4BFD0D8-B35C-47E5-A1EE-4364B4B92865}.Static_Multibyte_Release|Win32.Build.0 = Static_Multibyte_Release|Win32
		{E69B8665-08A0-43C5-BDDE-38843D5A71EC}.Debug|Win32.ActiveCfg = Static_Multibyte_Debug|Win32
		{E69B8665-08A0-43C5-BDDE-38843D5A71EC}.Debug|Win32.Build.0 = Static_Multibyte_Debug|Win32
		{E69B8665-08A0-43C5-BDDE-38843D5A71EC}.Release|Win32.ActiveCfg = Static_Multibyte_Release|Win32
		{E69B8665-08A0-43C5-BDDE-38843D5A71EC}.Release|Win32.Build.0 = Static_Multibyte_Release|Win32
		{E69B8665-08A0-43C5-BDDE-38843D5A71EC}.Share_Unicode_Debug|Win32.ActiveCfg = Debug|Win32
		{E69B8665-08A0-43C5-BDDE-38843D5A71EC}.Share_Unicode_Debug|Win32.Build.0 = Debug|Win32
		{E69B8665-08A0-43C5-BDDE-38843D5A71EC}.Share_Unicode_Release|Win32.ActiveCfg = Release|Win32
		{E69B8665-08A0-43C5-BDDE-38843D5A71EC}.Share_Unicode_Release|Win32.Build.0 = Release|Win32
		{E69B8665-08A0-43C5-BDDE-38843D5A71EC}.Static_Multibyte_Debug|Win32.ActiveCfg = Static_Multibyte_Debug|Win32
		{E69B8665-08A0-43C5-BDDE-38843D5A71EC}.Static_Multibyte_Debug|Win32.Build.0 = Static_Multibyte_Debug|Win32
		{E69B8665-08A0-43C5-BDDE-38843D5A71EC}.Static_Multibyte_Release_Without_Log|Win32.ActiveCfg = Static_Multibyte_Debug|Win32
		{E69B8665-08A0-43C5-BDDE-38843D5A71EC}.Static_Multibyte_Release_Without_Log|Win32.Build.0 = Static_Multibyte_Debug|Win32
		{E69B8665-08A0-43C5-BDDE-38843D5A71EC}.Static_Multibyte_Release|Win32.ActiveCfg = Static_Multibyte_Release|Win32
		{E69B8665-08A0-43C5-BDDE-38843D5A71EC}.Static_Multibyte_Release|Win32.Build.0 = Static_Multibyte_Release|Win32
		{AC083F7D-1DAB-40AD-86D8-9847785A1EED}.Debug|Win32.ActiveCfg = Static_MultiByte_Debug|Win32
		{AC083F7D-1DAB-40AD-86D8-9847785A1EED}.Debug|Win32.Build.0 = Static_MultiByte_Debug|Win32
		{AC083F7D-1DAB-40AD-86D8-9847785A1EED}.Release|Win32.ActiveCfg = Static_Multibyte_Release|Win32
		{AC083F7D-1DAB-40AD-86D8-9847785A1EED}.Release|Win32.Build.0 = Static_Multibyte_Release|Win32
		{AC083F7D-1DAB-40AD-86D8-9847785A1EED}.Share_Unicode_Debug|Win32.ActiveCfg = Debug|Win32
		{AC083F7D-1DAB-40AD-86D8-9847785A1EED}.Share_Unicode_Debug|Win32.Build.0 = Debug|Win32
		{AC083F7D-1DAB-40AD-86D8-9847785A1EED}.Share_Unicode_Release|Win32.ActiveCfg = Release|Win32
		{AC083F7D-1DAB-40AD-86D8-9847785A1EED}.Share_Unicode_Release|Win32.Build.0 = Release|Win32
		{AC083F7D-1DAB-40AD-86D8-9847785A1EED}.Static_Multibyte_Debug|Win32.ActiveCfg = Static_MultiByte_Debug|Win32
		{AC083F7D-1DAB-40AD-86D8-9847785A1EED}.Static_Multibyte_Debug|Win32.Build.0 = Static_MultiByte_Debug|Win32
		{AC083F7D-1DAB-40AD-86D8-9847785A1EED}.Static_Multibyte_Release_Without_Log|Win32.ActiveCfg = Static_MultiByte_Debug|Win32
		{AC083F7D-1DAB-40AD-86D8-9847785A1EED}.Static_Multibyte_Release_Without_Log|Win32.Build.0 = Static_MultiByte_Debug|Win32
		{AC083F7D-1DAB-40AD-86D8-9847785A1EED}.Static_Multibyte_Release|Win32.ActiveCfg = Static_Multibyte_Release|Win32
		{AC083F7D-1DAB-40AD-86D8-9847785A1EED}.Static_Multibyte_Release|Win32.Build.0 = Static_Multibyte_Release|Win32
	EndGlobalSection
	GlobalSection(SolutionProperties) = preSolution
		HideSolutionNode = FALSE
	EndGlobalSection
EndGlobal
