
Microsoft Visual Studio Solution File, Format Version 9.00
# Visual Studio 2005
Project("{8BC9CEB8-8B4A-11D0-8D11-00A0C91BC942}") = "Publish_Client", "Publish_Client\Publish_Client.vcproj", "{1A10BBA8-A99E-48BB-B2F4-B92101BA7403}"
EndProject
Global
	GlobalSection(SolutionConfigurationPlatforms) = preSolution
		Debug|Win32 = Debug|Win32
		Release|Win32 = Release|Win32
	EndGlobalSection
	GlobalSection(ProjectConfigurationPlatforms) = postSolution
		{1A10BBA8-A99E-48BB-B2F4-B92101BA7403}.Debug|Win32.ActiveCfg = Debug|Win32
		{1A10BBA8-A99E-48BB-B2F4-B92101BA7403}.Debug|Win32.Build.0 = Debug|Win32
		{1A10BBA8-A99E-48BB-B2F4-B92101BA7403}.Release|Win32.ActiveCfg = Release|Win32
		{1A10BBA8-A99E-48BB-B2F4-B92101BA7403}.Release|Win32.Build.0 = Release|Win32
	EndGlobalSection
	GlobalSection(SolutionProperties) = preSolution
		HideSolutionNode = FALSE
	EndGlobalSection
EndGlobal
