
Microsoft Visual Studio Solution File, Format Version 9.00
# Visual Studio 2005
Project("{8BC9CEB8-8B4A-11D0-8D11-00A0C91BC942}") = "odmtpa_qisda_Lavernock", "odmtpa_qisda_Lavernock\odmtpa_qisda_Lavernock.vcproj", "{C9B08AAC-59EE-447A-A5B3-29369F0B04E8}"
EndProject
Project("{8BC9CEB8-8B4A-11D0-8D11-00A0C91BC942}") = "QisdaQualcommDownloadModule", "..\..\Modules\QisdaQualcommDownloadModule\QisdaQualcommDownloadModule.vcproj", "{57B021FD-B9FB-482A-ADA5-81933D81A42D}"
	ProjectSection(ProjectDependencies) = postProject
		{11376385-FC09-4DA9-A9C6-6C03AE39805F} = {11376385-FC09-4DA9-A9C6-6C03AE39805F}
		{57155A48-25AC-47B9-A023-D57B262ACBB8} = {57155A48-25AC-47B9-A023-D57B262ACBB8}
	EndProjectSection
EndProject
Project("{8BC9CEB8-8B4A-11D0-8D11-00A0C91BC942}") = "RequestManager", "..\..\RequestManager\RequestManager.vcproj", "{11376385-FC09-4DA9-A9C6-6C03AE39805F}"
	ProjectSection(ProjectDependencies) = postProject
		{3514292E-1544-4DE3-AFBA-3AE38D7D3284} = {3514292E-1544-4DE3-AFBA-3AE38D7D3284}
	EndProjectSection
EndProject
Project("{8BC9CEB8-8B4A-11D0-8D11-00A0C91BC942}") = "SerCOMLib", "..\..\odmtma_api\SerCOMLib\SerCOMLib.vcproj", "{3514292E-1544-4DE3-AFBA-3AE38D7D3284}"
EndProject
Project("{8BC9CEB8-8B4A-11D0-8D11-00A0C91BC942}") = "ODM_Export", "ODM_Export\ODM_Export.vcproj", "{6242A12B-11E6-43DE-AF24-42741290186D}"
	ProjectSection(ProjectDependencies) = postProject
		{3514292E-1544-4DE3-AFBA-3AE38D7D3284} = {3514292E-1544-4DE3-AFBA-3AE38D7D3284}
		{A8A22FAC-E6C4-42AD-82BA-997BC0182AE6} = {A8A22FAC-E6C4-42AD-82BA-997BC0182AE6}
		{57B021FD-B9FB-482A-ADA5-81933D81A42D} = {57B021FD-B9FB-482A-ADA5-81933D81A42D}
		{8E3A40C4-B905-46B1-BAD0-253A363A8C2A} = {8E3A40C4-B905-46B1-BAD0-253A363A8C2A}
		{11376385-FC09-4DA9-A9C6-6C03AE39805F} = {11376385-FC09-4DA9-A9C6-6C03AE39805F}
		{DC2C9649-77A3-49D1-A8C8-17341625CD6F} = {DC2C9649-77A3-49D1-A8C8-17341625CD6F}
		{4671E932-3B6B-44C5-95D7-3BAFCBC8A20C} = {4671E932-3B6B-44C5-95D7-3BAFCBC8A20C}
		{D25F7132-0316-4D34-B6D6-7DB8AD76212E} = {D25F7132-0316-4D34-B6D6-7DB8AD76212E}
	EndProjectSection
EndProject
Project("{8BC9CEB8-8B4A-11D0-8D11-00A0C91BC942}") = "QisdaMiscellaneousModule", "..\..\Modules\QisdaMiscellaneousModule\QisdaMiscellaneousModule.vcproj", "{4671E932-3B6B-44C5-95D7-3BAFCBC8A20C}"
	ProjectSection(ProjectDependencies) = postProject
		{11376385-FC09-4DA9-A9C6-6C03AE39805F} = {11376385-FC09-4DA9-A9C6-6C03AE39805F}
	EndProjectSection
EndProject
Project("{8BC9CEB8-8B4A-11D0-8D11-00A0C91BC942}") = "QisdaNVModule", "..\..\Modules\QisdaNVModule\QisdaNVModule.vcproj", "{D25F7132-0316-4D34-B6D6-7DB8AD76212E}"
	ProjectSection(ProjectDependencies) = postProject
		{57155A48-25AC-47B9-A023-D57B262ACBB8} = {57155A48-25AC-47B9-A023-D57B262ACBB8}
		{3514292E-1544-4DE3-AFBA-3AE38D7D3284} = {3514292E-1544-4DE3-AFBA-3AE38D7D3284}
		{11376385-FC09-4DA9-A9C6-6C03AE39805F} = {11376385-FC09-4DA9-A9C6-6C03AE39805F}
	EndProjectSection
EndProject
Project("{8BC9CEB8-8B4A-11D0-8D11-00A0C91BC942}") = "QisdaSimLockModule", "..\..\Modules\QisdaSimLockModule\QisdaSimLockModule.vcproj", "{DC2C9649-77A3-49D1-A8C8-17341625CD6F}"
	ProjectSection(ProjectDependencies) = postProject
		{11376385-FC09-4DA9-A9C6-6C03AE39805F} = {11376385-FC09-4DA9-A9C6-6C03AE39805F}
		{3514292E-1544-4DE3-AFBA-3AE38D7D3284} = {3514292E-1544-4DE3-AFBA-3AE38D7D3284}
	EndProjectSection
EndProject
Project("{8BC9CEB8-8B4A-11D0-8D11-00A0C91BC942}") = "QisdaSecureActivateModule", "..\..\Modules\QisdaSecureActivateModule\QisdaSecureActivateModule.vcproj", "{8E3A40C4-B905-46B1-BAD0-253A363A8C2A}"
	ProjectSection(ProjectDependencies) = postProject
		{11376385-FC09-4DA9-A9C6-6C03AE39805F} = {11376385-FC09-4DA9-A9C6-6C03AE39805F}
		{3514292E-1544-4DE3-AFBA-3AE38D7D3284} = {3514292E-1544-4DE3-AFBA-3AE38D7D3284}
	EndProjectSection
EndProject
Project("{8BC9CEB8-8B4A-11D0-8D11-00A0C91BC942}") = "ZipArchive", "..\..\Components\CZipArchive\ZipArchive.vcproj", "{A8A22FAC-E6C4-42AD-82BA-997BC0182AE6}"
EndProject
Project("{8BC9CEB8-8B4A-11D0-8D11-00A0C91BC942}") = "MobileFinder", "..\..\Components\MobileFinder\MobileFinder.vcproj", "{57155A48-25AC-47B9-A023-D57B262ACBB8}"
EndProject
Global
	GlobalSection(SolutionConfigurationPlatforms) = preSolution
		Debug|Win32 = Debug|Win32
		Release|Win32 = Release|Win32
	EndGlobalSection
	GlobalSection(ProjectConfigurationPlatforms) = postSolution
		{C9B08AAC-59EE-447A-A5B3-29369F0B04E8}.Debug|Win32.ActiveCfg = Static_Multibyte_Debug|Win32
		{C9B08AAC-59EE-447A-A5B3-29369F0B04E8}.Debug|Win32.Build.0 = Static_Multibyte_Debug|Win32
		{C9B08AAC-59EE-447A-A5B3-29369F0B04E8}.Release|Win32.ActiveCfg = Static_Multibyte_Release|Win32
		{C9B08AAC-59EE-447A-A5B3-29369F0B04E8}.Release|Win32.Build.0 = Static_Multibyte_Release|Win32
		{57B021FD-B9FB-482A-ADA5-81933D81A42D}.Debug|Win32.ActiveCfg = Static_Multibyte_Debug_Lavernock|Win32
		{57B021FD-B9FB-482A-ADA5-81933D81A42D}.Debug|Win32.Build.0 = Static_Multibyte_Debug_Lavernock|Win32
		{57B021FD-B9FB-482A-ADA5-81933D81A42D}.Release|Win32.ActiveCfg = Static_Multibyte_Release_Lavernock|Win32
		{57B021FD-B9FB-482A-ADA5-81933D81A42D}.Release|Win32.Build.0 = Static_Multibyte_Release_Lavernock|Win32
		{11376385-FC09-4DA9-A9C6-6C03AE39805F}.Debug|Win32.ActiveCfg = Static_Multibyte_Debug_Lavernock|Win32
		{11376385-FC09-4DA9-A9C6-6C03AE39805F}.Debug|Win32.Build.0 = Static_Multibyte_Debug_Lavernock|Win32
		{11376385-FC09-4DA9-A9C6-6C03AE39805F}.Release|Win32.ActiveCfg = Static_Multibyte_Release_Lavernock|Win32
		{11376385-FC09-4DA9-A9C6-6C03AE39805F}.Release|Win32.Build.0 = Static_Multibyte_Release_Lavernock|Win32
		{3514292E-1544-4DE3-AFBA-3AE38D7D3284}.Debug|Win32.ActiveCfg = Static_Multibyte_Debug|Win32
		{3514292E-1544-4DE3-AFBA-3AE38D7D3284}.Debug|Win32.Build.0 = Static_Multibyte_Debug|Win32
		{3514292E-1544-4DE3-AFBA-3AE38D7D3284}.Release|Win32.ActiveCfg = Static_Multibyte_Release_Without_Log|Win32
		{3514292E-1544-4DE3-AFBA-3AE38D7D3284}.Release|Win32.Build.0 = Static_Multibyte_Release_Without_Log|Win32
		{6242A12B-11E6-43DE-AF24-42741290186D}.Debug|Win32.ActiveCfg = Static_Multibyte_Debug_Lavernock|Win32
		{6242A12B-11E6-43DE-AF24-42741290186D}.Debug|Win32.Build.0 = Static_Multibyte_Debug_Lavernock|Win32
		{6242A12B-11E6-43DE-AF24-42741290186D}.Release|Win32.ActiveCfg = Static_Multibyte_Release_Lavernock|Win32
		{6242A12B-11E6-43DE-AF24-42741290186D}.Release|Win32.Build.0 = Static_Multibyte_Release_Lavernock|Win32
		{4671E932-3B6B-44C5-95D7-3BAFCBC8A20C}.Debug|Win32.ActiveCfg = Static_Multibyte_Debug_Lavernock|Win32
		{4671E932-3B6B-44C5-95D7-3BAFCBC8A20C}.Debug|Win32.Build.0 = Static_Multibyte_Debug_Lavernock|Win32
		{4671E932-3B6B-44C5-95D7-3BAFCBC8A20C}.Release|Win32.ActiveCfg = Static_Multibyte_Release_Lavernock|Win32
		{4671E932-3B6B-44C5-95D7-3BAFCBC8A20C}.Release|Win32.Build.0 = Static_Multibyte_Release_Lavernock|Win32
		{D25F7132-0316-4D34-B6D6-7DB8AD76212E}.Debug|Win32.ActiveCfg = Static_Multibyte_Debug_Lavernock|Win32
		{D25F7132-0316-4D34-B6D6-7DB8AD76212E}.Debug|Win32.Build.0 = Static_Multibyte_Debug_Lavernock|Win32
		{D25F7132-0316-4D34-B6D6-7DB8AD76212E}.Release|Win32.ActiveCfg = Static_Multibyte_Release_Lavernock|Win32
		{D25F7132-0316-4D34-B6D6-7DB8AD76212E}.Release|Win32.Build.0 = Static_Multibyte_Release_Lavernock|Win32
		{DC2C9649-77A3-49D1-A8C8-17341625CD6F}.Debug|Win32.ActiveCfg = Static_Multibyte_Debug_Lavernock|Win32
		{DC2C9649-77A3-49D1-A8C8-17341625CD6F}.Debug|Win32.Build.0 = Static_Multibyte_Debug_Lavernock|Win32
		{DC2C9649-77A3-49D1-A8C8-17341625CD6F}.Release|Win32.ActiveCfg = Static_Multibyte_Release_Lavernock|Win32
		{DC2C9649-77A3-49D1-A8C8-17341625CD6F}.Release|Win32.Build.0 = Static_Multibyte_Release_Lavernock|Win32
		{8E3A40C4-B905-46B1-BAD0-253A363A8C2A}.Debug|Win32.ActiveCfg = Static_Multibyte_Debug_Lavernock|Win32
		{8E3A40C4-B905-46B1-BAD0-253A363A8C2A}.Debug|Win32.Build.0 = Static_Multibyte_Debug_Lavernock|Win32
		{8E3A40C4-B905-46B1-BAD0-253A363A8C2A}.Release|Win32.ActiveCfg = Static_Multibyte_Release_Lavernock|Win32
		{8E3A40C4-B905-46B1-BAD0-253A363A8C2A}.Release|Win32.Build.0 = Static_Multibyte_Release_Lavernock|Win32
		{A8A22FAC-E6C4-42AD-82BA-997BC0182AE6}.Debug|Win32.ActiveCfg = Static_Multibyte_Debug|Win32
		{A8A22FAC-E6C4-42AD-82BA-997BC0182AE6}.Debug|Win32.Build.0 = Static_Multibyte_Debug|Win32
		{A8A22FAC-E6C4-42AD-82BA-997BC0182AE6}.Release|Win32.ActiveCfg = Static_Multibyte_Release|Win32
		{A8A22FAC-E6C4-42AD-82BA-997BC0182AE6}.Release|Win32.Build.0 = Static_Multibyte_Release|Win32
		{57155A48-25AC-47B9-A023-D57B262ACBB8}.Debug|Win32.ActiveCfg = Static_Multibyte_Debug_Lavernock|Win32
		{57155A48-25AC-47B9-A023-D57B262ACBB8}.Debug|Win32.Build.0 = Static_Multibyte_Debug_Lavernock|Win32
		{57155A48-25AC-47B9-A023-D57B262ACBB8}.Release|Win32.ActiveCfg = Static_Multibyte_Release_Lavernock|Win32
		{57155A48-25AC-47B9-A023-D57B262ACBB8}.Release|Win32.Build.0 = Static_Multibyte_Release_Lavernock|Win32
	EndGlobalSection
	GlobalSection(SolutionProperties) = preSolution
		HideSolutionNode = FALSE
	EndGlobalSection
EndGlobal
