
Microsoft Visual Studio Solution File, Format Version 9.00
# Visual Studio 2005
Project("{8BC9CEB8-8B4A-11D0-8D11-00A0C91BC942}") = "Log2XML", "Log2XML\Log2XML.vcproj", "{0EC69CDC-1285-47CE-A635-FCD883F232F7}"
EndProject
Project("{8BC9CEB8-8B4A-11D0-8D11-00A0C91BC942}") = "CodecTestTool", "CodecTestTool\CodecTestTool.vcproj", "{7FA865F3-7CF4-49E5-8ECC-805F8D366722}"
EndProject
Global
	GlobalSection(SolutionConfigurationPlatforms) = preSolution
		Debug|Win32 = Debug|Win32
		Release|Win32 = Release|Win32
	EndGlobalSection
	GlobalSection(ProjectConfigurationPlatforms) = postSolution
		{0EC69CDC-1285-47CE-A635-FCD883F232F7}.Debug|Win32.ActiveCfg = Debug|Win32
		{0EC69CDC-1285-47CE-A635-FCD883F232F7}.Debug|Win32.Build.0 = Debug|Win32
		{0EC69CDC-1285-47CE-A635-FCD883F232F7}.Release|Win32.ActiveCfg = Release|Win32
		{0EC69CDC-1285-47CE-A635-FCD883F232F7}.Release|Win32.Build.0 = Release|Win32
		{7FA865F3-7CF4-49E5-8ECC-805F8D366722}.Debug|Win32.ActiveCfg = Debug|Win32
		{7FA865F3-7CF4-49E5-8ECC-805F8D366722}.Debug|Win32.Build.0 = Debug|Win32
		{7FA865F3-7CF4-49E5-8ECC-805F8D366722}.Release|Win32.ActiveCfg = Release|Win32
		{7FA865F3-7CF4-49E5-8ECC-805F8D366722}.Release|Win32.Build.0 = Release|Win32
	EndGlobalSection
	GlobalSection(SolutionProperties) = preSolution
		HideSolutionNode = FALSE
	EndGlobalSection
EndGlobal
