
Microsoft Visual Studio Solution File, Format Version 9.00
# Visual Studio 2005
Project("{8BC9CEB8-8B4A-11D0-8D11-00A0C91BC942}") = "QisdaQualcommDownloadModule", "..\Modules\QisdaQualcommDownloadModule\QisdaQualcommDownloadModule.vcproj", "{57B021FD-B9FB-482A-ADA5-81933D81A42D}"
	ProjectSection(ProjectDependencies) = postProject
		{11376385-FC09-4DA9-A9C6-6C03AE39805F} = {11376385-FC09-4DA9-A9C6-6C03AE39805F}
		{57155A48-25AC-47B9-A023-D57B262ACBB8} = {57155A48-25AC-47B9-A023-D57B262ACBB8}
	EndProjectSection
EndProject
Project("{8BC9CEB8-8B4A-11D0-8D11-00A0C91BC942}") = "RequestManager", "..\RequestManager\RequestManager.vcproj", "{11376385-FC09-4DA9-A9C6-6C03AE39805F}"
	ProjectSection(ProjectDependencies) = postProject
		{3514292E-1544-4DE3-AFBA-3AE38D7D3284} = {3514292E-1544-4DE3-AFBA-3AE38D7D3284}
	EndProjectSection
EndProject
Project("{8BC9CEB8-8B4A-11D0-8D11-00A0C91BC942}") = "SerCOMLib", "..\odmtma_api\SerCOMLib\SerCOMLib.vcproj", "{3514292E-1544-4DE3-AFBA-3AE38D7D3284}"
EndProject
Project("{8BC9CEB8-8B4A-11D0-8D11-00A0C91BC942}") = "DLTester", "DLTester\DLTester.vcproj", "{204BE653-96AC-4D17-9123-46A39CD3F9EE}"
	ProjectSection(ProjectDependencies) = postProject
		{3514292E-1544-4DE3-AFBA-3AE38D7D3284} = {3514292E-1544-4DE3-AFBA-3AE38D7D3284}
		{11376385-FC09-4DA9-A9C6-6C03AE39805F} = {11376385-FC09-4DA9-A9C6-6C03AE39805F}
		{57B021FD-B9FB-482A-ADA5-81933D81A42D} = {57B021FD-B9FB-482A-ADA5-81933D81A42D}
	EndProjectSection
EndProject
Project("{8BC9CEB8-8B4A-11D0-8D11-00A0C91BC942}") = "BadBlockChecker", "BadBlockChecker\BadBlockChecker.vcproj", "{5F3BC9F6-83CE-4ECF-83BE-C239A6D3F7E2}"
	ProjectSection(ProjectDependencies) = postProject
		{57B021FD-B9FB-482A-ADA5-81933D81A42D} = {57B021FD-B9FB-482A-ADA5-81933D81A42D}
	EndProjectSection
EndProject
Project("{8BC9CEB8-8B4A-11D0-8D11-00A0C91BC942}") = "MobileFinder", "..\Components\MobileFinder\MobileFinder.vcproj", "{57155A48-25AC-47B9-A023-D57B262ACBB8}"
EndProject
Global
	GlobalSection(SolutionConfigurationPlatforms) = preSolution
		Debug|Win32 = Debug|Win32
		Release|Win32 = Release|Win32
		Share_MulitByte_Release|Win32 = Share_MulitByte_Release|Win32
		Share_MultiByte_Debug|Win32 = Share_MultiByte_Debug|Win32
		Share_Multibyte_Release_Without_Log|Win32 = Share_Multibyte_Release_Without_Log|Win32
		Share_MultiByte_Release|Win32 = Share_MultiByte_Release|Win32
		Share_Unicode_Debug|Win32 = Share_Unicode_Debug|Win32
		Share_Unicode_Release|Win32 = Share_Unicode_Release|Win32
		Static_Multibyte_Debug|Win32 = Static_Multibyte_Debug|Win32
		Static_Multibyte_Release_Without_Log|Win32 = Static_Multibyte_Release_Without_Log|Win32
		Static_Multibyte_Release|Win32 = Static_Multibyte_Release|Win32
		Static_Unicode_Debug|Win32 = Static_Unicode_Debug|Win32
		Static_Unicode_Release|Win32 = Static_Unicode_Release|Win32
	EndGlobalSection
	GlobalSection(ProjectConfigurationPlatforms) = postSolution
		{57B021FD-B9FB-482A-ADA5-81933D81A42D}.Debug|Win32.ActiveCfg = Debug|Win32
		{57B021FD-B9FB-482A-ADA5-81933D81A42D}.Debug|Win32.Build.0 = Debug|Win32
		{57B021FD-B9FB-482A-ADA5-81933D81A42D}.Release|Win32.ActiveCfg = Static_Multibyte_Release_Without_Log|Win32
		{57B021FD-B9FB-482A-ADA5-81933D81A42D}.Release|Win32.Build.0 = Static_Multibyte_Release_Without_Log|Win32
		{57B021FD-B9FB-482A-ADA5-81933D81A42D}.Share_MulitByte_Release|Win32.ActiveCfg = Release|Win32
		{57B021FD-B9FB-482A-ADA5-81933D81A42D}.Share_MulitByte_Release|Win32.Build.0 = Release|Win32
		{57B021FD-B9FB-482A-ADA5-81933D81A42D}.Share_MultiByte_Debug|Win32.ActiveCfg = Debug|Win32
		{57B021FD-B9FB-482A-ADA5-81933D81A42D}.Share_MultiByte_Debug|Win32.Build.0 = Debug|Win32
		{57B021FD-B9FB-482A-ADA5-81933D81A42D}.Share_Multibyte_Release_Without_Log|Win32.ActiveCfg = Release|Win32
		{57B021FD-B9FB-482A-ADA5-81933D81A42D}.Share_Multibyte_Release_Without_Log|Win32.Build.0 = Release|Win32
		{57B021FD-B9FB-482A-ADA5-81933D81A42D}.Share_MultiByte_Release|Win32.ActiveCfg = Release|Win32
		{57B021FD-B9FB-482A-ADA5-81933D81A42D}.Share_MultiByte_Release|Win32.Build.0 = Release|Win32
		{57B021FD-B9FB-482A-ADA5-81933D81A42D}.Share_Unicode_Debug|Win32.ActiveCfg = Debug|Win32
		{57B021FD-B9FB-482A-ADA5-81933D81A42D}.Share_Unicode_Debug|Win32.Build.0 = Debug|Win32
		{57B021FD-B9FB-482A-ADA5-81933D81A42D}.Share_Unicode_Release|Win32.ActiveCfg = Release|Win32
		{57B021FD-B9FB-482A-ADA5-81933D81A42D}.Share_Unicode_Release|Win32.Build.0 = Release|Win32
		{57B021FD-B9FB-482A-ADA5-81933D81A42D}.Static_Multibyte_Debug|Win32.ActiveCfg = Debug|Win32
		{57B021FD-B9FB-482A-ADA5-81933D81A42D}.Static_Multibyte_Debug|Win32.Build.0 = Debug|Win32
		{57B021FD-B9FB-482A-ADA5-81933D81A42D}.Static_Multibyte_Release_Without_Log|Win32.ActiveCfg = Release|Win32
		{57B021FD-B9FB-482A-ADA5-81933D81A42D}.Static_Multibyte_Release_Without_Log|Win32.Build.0 = Release|Win32
		{57B021FD-B9FB-482A-ADA5-81933D81A42D}.Static_Multibyte_Release|Win32.ActiveCfg = Release|Win32
		{57B021FD-B9FB-482A-ADA5-81933D81A42D}.Static_Multibyte_Release|Win32.Build.0 = Release|Win32
		{57B021FD-B9FB-482A-ADA5-81933D81A42D}.Static_Unicode_Debug|Win32.ActiveCfg = Debug|Win32
		{57B021FD-B9FB-482A-ADA5-81933D81A42D}.Static_Unicode_Debug|Win32.Build.0 = Debug|Win32
		{57B021FD-B9FB-482A-ADA5-81933D81A42D}.Static_Unicode_Release|Win32.ActiveCfg = Release|Win32
		{57B021FD-B9FB-482A-ADA5-81933D81A42D}.Static_Unicode_Release|Win32.Build.0 = Release|Win32
		{11376385-FC09-4DA9-A9C6-6C03AE39805F}.Debug|Win32.ActiveCfg = Debug|Win32
		{11376385-FC09-4DA9-A9C6-6C03AE39805F}.Debug|Win32.Build.0 = Debug|Win32
		{11376385-FC09-4DA9-A9C6-6C03AE39805F}.Release|Win32.ActiveCfg = Static_Multibyte_Release|Win32
		{11376385-FC09-4DA9-A9C6-6C03AE39805F}.Release|Win32.Build.0 = Static_Multibyte_Release|Win32
		{11376385-FC09-4DA9-A9C6-6C03AE39805F}.Share_MulitByte_Release|Win32.ActiveCfg = Release|Win32
		{11376385-FC09-4DA9-A9C6-6C03AE39805F}.Share_MulitByte_Release|Win32.Build.0 = Release|Win32
		{11376385-FC09-4DA9-A9C6-6C03AE39805F}.Share_MultiByte_Debug|Win32.ActiveCfg = Share_MultiByte_Debug|Win32
		{11376385-FC09-4DA9-A9C6-6C03AE39805F}.Share_MultiByte_Debug|Win32.Build.0 = Share_MultiByte_Debug|Win32
		{11376385-FC09-4DA9-A9C6-6C03AE39805F}.Share_Multibyte_Release_Without_Log|Win32.ActiveCfg = Share_MultiByte_Release|Win32
		{11376385-FC09-4DA9-A9C6-6C03AE39805F}.Share_Multibyte_Release_Without_Log|Win32.Build.0 = Share_MultiByte_Release|Win32
		{11376385-FC09-4DA9-A9C6-6C03AE39805F}.Share_MultiByte_Release|Win32.ActiveCfg = Share_MultiByte_Release|Win32
		{11376385-FC09-4DA9-A9C6-6C03AE39805F}.Share_MultiByte_Release|Win32.Build.0 = Share_MultiByte_Release|Win32
		{11376385-FC09-4DA9-A9C6-6C03AE39805F}.Share_Unicode_Debug|Win32.ActiveCfg = Debug|Win32
		{11376385-FC09-4DA9-A9C6-6C03AE39805F}.Share_Unicode_Debug|Win32.Build.0 = Debug|Win32
		{11376385-FC09-4DA9-A9C6-6C03AE39805F}.Share_Unicode_Release|Win32.ActiveCfg = Release|Win32
		{11376385-FC09-4DA9-A9C6-6C03AE39805F}.Share_Unicode_Release|Win32.Build.0 = Release|Win32
		{11376385-FC09-4DA9-A9C6-6C03AE39805F}.Static_Multibyte_Debug|Win32.ActiveCfg = Static_Multibyte_Debug|Win32
		{11376385-FC09-4DA9-A9C6-6C03AE39805F}.Static_Multibyte_Debug|Win32.Build.0 = Static_Multibyte_Debug|Win32
		{11376385-FC09-4DA9-A9C6-6C03AE39805F}.Static_Multibyte_Release_Without_Log|Win32.ActiveCfg = Static_Multibyte_Release|Win32
		{11376385-FC09-4DA9-A9C6-6C03AE39805F}.Static_Multibyte_Release_Without_Log|Win32.Build.0 = Static_Multibyte_Release|Win32
		{11376385-FC09-4DA9-A9C6-6C03AE39805F}.Static_Multibyte_Release|Win32.ActiveCfg = Static_Multibyte_Release|Win32
		{11376385-FC09-4DA9-A9C6-6C03AE39805F}.Static_Multibyte_Release|Win32.Build.0 = Static_Multibyte_Release|Win32
		{11376385-FC09-4DA9-A9C6-6C03AE39805F}.Static_Unicode_Debug|Win32.ActiveCfg = Debug|Win32
		{11376385-FC09-4DA9-A9C6-6C03AE39805F}.Static_Unicode_Debug|Win32.Build.0 = Debug|Win32
		{11376385-FC09-4DA9-A9C6-6C03AE39805F}.Static_Unicode_Release|Win32.ActiveCfg = Release|Win32
		{11376385-FC09-4DA9-A9C6-6C03AE39805F}.Static_Unicode_Release|Win32.Build.0 = Release|Win32
		{3514292E-1544-4DE3-AFBA-3AE38D7D3284}.Debug|Win32.ActiveCfg = Static_Multibyte_Debug|Win32
		{3514292E-1544-4DE3-AFBA-3AE38D7D3284}.Debug|Win32.Build.0 = Static_Multibyte_Debug|Win32
		{3514292E-1544-4DE3-AFBA-3AE38D7D3284}.Release|Win32.ActiveCfg = Static_Multibyte_Release_Without_Log|Win32
		{3514292E-1544-4DE3-AFBA-3AE38D7D3284}.Release|Win32.Build.0 = Static_Multibyte_Release_Without_Log|Win32
		{3514292E-1544-4DE3-AFBA-3AE38D7D3284}.Share_MulitByte_Release|Win32.ActiveCfg = Share_MulitByte_Release|Win32
		{3514292E-1544-4DE3-AFBA-3AE38D7D3284}.Share_MulitByte_Release|Win32.Build.0 = Share_MulitByte_Release|Win32
		{3514292E-1544-4DE3-AFBA-3AE38D7D3284}.Share_MultiByte_Debug|Win32.ActiveCfg = Share_MultiByte_Debug|Win32
		{3514292E-1544-4DE3-AFBA-3AE38D7D3284}.Share_MultiByte_Debug|Win32.Build.0 = Share_MultiByte_Debug|Win32
		{3514292E-1544-4DE3-AFBA-3AE38D7D3284}.Share_Multibyte_Release_Without_Log|Win32.ActiveCfg = Share_Multibyte_Release_Without_Log|Win32
		{3514292E-1544-4DE3-AFBA-3AE38D7D3284}.Share_Multibyte_Release_Without_Log|Win32.Build.0 = Share_Multibyte_Release_Without_Log|Win32
		{3514292E-1544-4DE3-AFBA-3AE38D7D3284}.Share_MultiByte_Release|Win32.ActiveCfg = Share_Multibyte_Release_Without_Log|Win32
		{3514292E-1544-4DE3-AFBA-3AE38D7D3284}.Share_MultiByte_Release|Win32.Build.0 = Share_Multibyte_Release_Without_Log|Win32
		{3514292E-1544-4DE3-AFBA-3AE38D7D3284}.Share_Unicode_Debug|Win32.ActiveCfg = Share_Multibyte_Release_Without_Log|Win32
		{3514292E-1544-4DE3-AFBA-3AE38D7D3284}.Share_Unicode_Debug|Win32.Build.0 = Share_Multibyte_Release_Without_Log|Win32
		{3514292E-1544-4DE3-AFBA-3AE38D7D3284}.Share_Unicode_Release|Win32.ActiveCfg = Release|Win32
		{3514292E-1544-4DE3-AFBA-3AE38D7D3284}.Share_Unicode_Release|Win32.Build.0 = Release|Win32
		{3514292E-1544-4DE3-AFBA-3AE38D7D3284}.Static_Multibyte_Debug|Win32.ActiveCfg = Static_Multibyte_Debug|Win32
		{3514292E-1544-4DE3-AFBA-3AE38D7D3284}.Static_Multibyte_Debug|Win32.Build.0 = Static_Multibyte_Debug|Win32
		{3514292E-1544-4DE3-AFBA-3AE38D7D3284}.Static_Multibyte_Release_Without_Log|Win32.ActiveCfg = Static_Multibyte_Release_Without_Log|Win32
		{3514292E-1544-4DE3-AFBA-3AE38D7D3284}.Static_Multibyte_Release_Without_Log|Win32.Build.0 = Static_Multibyte_Release_Without_Log|Win32
		{3514292E-1544-4DE3-AFBA-3AE38D7D3284}.Static_Multibyte_Release|Win32.ActiveCfg = Static_Multibyte_Release|Win32
		{3514292E-1544-4DE3-AFBA-3AE38D7D3284}.Static_Multibyte_Release|Win32.Build.0 = Static_Multibyte_Release|Win32
		{3514292E-1544-4DE3-AFBA-3AE38D7D3284}.Static_Unicode_Debug|Win32.ActiveCfg = Static_Multibyte_Release_Without_Log|Win32
		{3514292E-1544-4DE3-AFBA-3AE38D7D3284}.Static_Unicode_Debug|Win32.Build.0 = Static_Multibyte_Release_Without_Log|Win32
		{3514292E-1544-4DE3-AFBA-3AE38D7D3284}.Static_Unicode_Release|Win32.ActiveCfg = Release|Win32
		{3514292E-1544-4DE3-AFBA-3AE38D7D3284}.Static_Unicode_Release|Win32.Build.0 = Release|Win32
		{204BE653-96AC-4D17-9123-46A39CD3F9EE}.Debug|Win32.ActiveCfg = Debug|Win32
		{204BE653-96AC-4D17-9123-46A39CD3F9EE}.Debug|Win32.Build.0 = Debug|Win32
		{204BE653-96AC-4D17-9123-46A39CD3F9EE}.Release|Win32.ActiveCfg = Release|Win32
		{204BE653-96AC-4D17-9123-46A39CD3F9EE}.Release|Win32.Build.0 = Release|Win32
		{204BE653-96AC-4D17-9123-46A39CD3F9EE}.Share_MulitByte_Release|Win32.ActiveCfg = Release|Win32
		{204BE653-96AC-4D17-9123-46A39CD3F9EE}.Share_MulitByte_Release|Win32.Build.0 = Release|Win32
		{204BE653-96AC-4D17-9123-46A39CD3F9EE}.Share_MultiByte_Debug|Win32.ActiveCfg = Debug|Win32
		{204BE653-96AC-4D17-9123-46A39CD3F9EE}.Share_MultiByte_Debug|Win32.Build.0 = Debug|Win32
		{204BE653-96AC-4D17-9123-46A39CD3F9EE}.Share_Multibyte_Release_Without_Log|Win32.ActiveCfg = Release|Win32
		{204BE653-96AC-4D17-9123-46A39CD3F9EE}.Share_Multibyte_Release_Without_Log|Win32.Build.0 = Release|Win32
		{204BE653-96AC-4D17-9123-46A39CD3F9EE}.Share_MultiByte_Release|Win32.ActiveCfg = Release|Win32
		{204BE653-96AC-4D17-9123-46A39CD3F9EE}.Share_MultiByte_Release|Win32.Build.0 = Release|Win32
		{204BE653-96AC-4D17-9123-46A39CD3F9EE}.Share_Unicode_Debug|Win32.ActiveCfg = Debug|Win32
		{204BE653-96AC-4D17-9123-46A39CD3F9EE}.Share_Unicode_Debug|Win32.Build.0 = Debug|Win32
		{204BE653-96AC-4D17-9123-46A39CD3F9EE}.Share_Unicode_Release|Win32.ActiveCfg = Release|Win32
		{204BE653-96AC-4D17-9123-46A39CD3F9EE}.Share_Unicode_Release|Win32.Build.0 = Release|Win32
		{204BE653-96AC-4D17-9123-46A39CD3F9EE}.Static_Multibyte_Debug|Win32.ActiveCfg = Debug|Win32
		{204BE653-96AC-4D17-9123-46A39CD3F9EE}.Static_Multibyte_Debug|Win32.Build.0 = Debug|Win32
		{204BE653-96AC-4D17-9123-46A39CD3F9EE}.Static_Multibyte_Release_Without_Log|Win32.ActiveCfg = Release|Win32
		{204BE653-96AC-4D17-9123-46A39CD3F9EE}.Static_Multibyte_Release_Without_Log|Win32.Build.0 = Release|Win32
		{204BE653-96AC-4D17-9123-46A39CD3F9EE}.Static_Multibyte_Release|Win32.ActiveCfg = Release|Win32
		{204BE653-96AC-4D17-9123-46A39CD3F9EE}.Static_Multibyte_Release|Win32.Build.0 = Release|Win32
		{204BE653-96AC-4D17-9123-46A39CD3F9EE}.Static_Unicode_Debug|Win32.ActiveCfg = Debug|Win32
		{204BE653-96AC-4D17-9123-46A39CD3F9EE}.Static_Unicode_Debug|Win32.Build.0 = Debug|Win32
		{204BE653-96AC-4D17-9123-46A39CD3F9EE}.Static_Unicode_Release|Win32.ActiveCfg = Release|Win32
		{204BE653-96AC-4D17-9123-46A39CD3F9EE}.Static_Unicode_Release|Win32.Build.0 = Release|Win32
		{5F3BC9F6-83CE-4ECF-83BE-C239A6D3F7E2}.Debug|Win32.ActiveCfg = Debug|Win32
		{5F3BC9F6-83CE-4ECF-83BE-C239A6D3F7E2}.Debug|Win32.Build.0 = Debug|Win32
		{5F3BC9F6-83CE-4ECF-83BE-C239A6D3F7E2}.Release|Win32.ActiveCfg = Release|Win32
		{5F3BC9F6-83CE-4ECF-83BE-C239A6D3F7E2}.Release|Win32.Build.0 = Release|Win32
		{5F3BC9F6-83CE-4ECF-83BE-C239A6D3F7E2}.Share_MulitByte_Release|Win32.ActiveCfg = Release|Win32
		{5F3BC9F6-83CE-4ECF-83BE-C239A6D3F7E2}.Share_MulitByte_Release|Win32.Build.0 = Release|Win32
		{5F3BC9F6-83CE-4ECF-83BE-C239A6D3F7E2}.Share_MultiByte_Debug|Win32.ActiveCfg = Debug|Win32
		{5F3BC9F6-83CE-4ECF-83BE-C239A6D3F7E2}.Share_MultiByte_Debug|Win32.Build.0 = Debug|Win32
		{5F3BC9F6-83CE-4ECF-83BE-C239A6D3F7E2}.Share_Multibyte_Release_Without_Log|Win32.ActiveCfg = Release|Win32
		{5F3BC9F6-83CE-4ECF-83BE-C239A6D3F7E2}.Share_Multibyte_Release_Without_Log|Win32.Build.0 = Release|Win32
		{5F3BC9F6-83CE-4ECF-83BE-C239A6D3F7E2}.Share_MultiByte_Release|Win32.ActiveCfg = Release|Win32
		{5F3BC9F6-83CE-4ECF-83BE-C239A6D3F7E2}.Share_MultiByte_Release|Win32.Build.0 = Release|Win32
		{5F3BC9F6-83CE-4ECF-83BE-C239A6D3F7E2}.Share_Unicode_Debug|Win32.ActiveCfg = Debug|Win32
		{5F3BC9F6-83CE-4ECF-83BE-C239A6D3F7E2}.Share_Unicode_Debug|Win32.Build.0 = Debug|Win32
		{5F3BC9F6-83CE-4ECF-83BE-C239A6D3F7E2}.Share_Unicode_Release|Win32.ActiveCfg = Release|Win32
		{5F3BC9F6-83CE-4ECF-83BE-C239A6D3F7E2}.Share_Unicode_Release|Win32.Build.0 = Release|Win32
		{5F3BC9F6-83CE-4ECF-83BE-C239A6D3F7E2}.Static_Multibyte_Debug|Win32.ActiveCfg = Debug|Win32
		{5F3BC9F6-83CE-4ECF-83BE-C239A6D3F7E2}.Static_Multibyte_Debug|Win32.Build.0 = Debug|Win32
		{5F3BC9F6-83CE-4ECF-83BE-C239A6D3F7E2}.Static_Multibyte_Release_Without_Log|Win32.ActiveCfg = Release|Win32
		{5F3BC9F6-83CE-4ECF-83BE-C239A6D3F7E2}.Static_Multibyte_Release_Without_Log|Win32.Build.0 = Release|Win32
		{5F3BC9F6-83CE-4ECF-83BE-C239A6D3F7E2}.Static_Multibyte_Release|Win32.ActiveCfg = Release|Win32
		{5F3BC9F6-83CE-4ECF-83BE-C239A6D3F7E2}.Static_Multibyte_Release|Win32.Build.0 = Release|Win32
		{5F3BC9F6-83CE-4ECF-83BE-C239A6D3F7E2}.Static_Unicode_Debug|Win32.ActiveCfg = Debug|Win32
		{5F3BC9F6-83CE-4ECF-83BE-C239A6D3F7E2}.Static_Unicode_Debug|Win32.Build.0 = Debug|Win32
		{5F3BC9F6-83CE-4ECF-83BE-C239A6D3F7E2}.Static_Unicode_Release|Win32.ActiveCfg = Release|Win32
		{5F3BC9F6-83CE-4ECF-83BE-C239A6D3F7E2}.Static_Unicode_Release|Win32.Build.0 = Release|Win32
		{57155A48-25AC-47B9-A023-D57B262ACBB8}.Debug|Win32.ActiveCfg = Debug|Win32
		{57155A48-25AC-47B9-A023-D57B262ACBB8}.Debug|Win32.Build.0 = Debug|Win32
		{57155A48-25AC-47B9-A023-D57B262ACBB8}.Release|Win32.ActiveCfg = Static_Multibyte_Release|Win32
		{57155A48-25AC-47B9-A023-D57B262ACBB8}.Release|Win32.Build.0 = Static_Multibyte_Release|Win32
		{57155A48-25AC-47B9-A023-D57B262ACBB8}.Share_MulitByte_Release|Win32.ActiveCfg = Release|Win32
		{57155A48-25AC-47B9-A023-D57B262ACBB8}.Share_MulitByte_Release|Win32.Build.0 = Release|Win32
		{57155A48-25AC-47B9-A023-D57B262ACBB8}.Share_MultiByte_Debug|Win32.ActiveCfg = Debug|Win32
		{57155A48-25AC-47B9-A023-D57B262ACBB8}.Share_MultiByte_Debug|Win32.Build.0 = Debug|Win32
		{57155A48-25AC-47B9-A023-D57B262ACBB8}.Share_Multibyte_Release_Without_Log|Win32.ActiveCfg = Release|Win32
		{57155A48-25AC-47B9-A023-D57B262ACBB8}.Share_Multibyte_Release_Without_Log|Win32.Build.0 = Release|Win32
		{57155A48-25AC-47B9-A023-D57B262ACBB8}.Share_MultiByte_Release|Win32.ActiveCfg = Release|Win32
		{57155A48-25AC-47B9-A023-D57B262ACBB8}.Share_MultiByte_Release|Win32.Build.0 = Release|Win32
		{57155A48-25AC-47B9-A023-D57B262ACBB8}.Share_Unicode_Debug|Win32.ActiveCfg = Share_Unicode_Debug|Win32
		{57155A48-25AC-47B9-A023-D57B262ACBB8}.Share_Unicode_Debug|Win32.Build.0 = Share_Unicode_Debug|Win32
		{57155A48-25AC-47B9-A023-D57B262ACBB8}.Share_Unicode_Release|Win32.ActiveCfg = Share_Unicode_Release|Win32
		{57155A48-25AC-47B9-A023-D57B262ACBB8}.Share_Unicode_Release|Win32.Build.0 = Share_Unicode_Release|Win32
		{57155A48-25AC-47B9-A023-D57B262ACBB8}.Static_Multibyte_Debug|Win32.ActiveCfg = Static_Multibyte_Debug|Win32
		{57155A48-25AC-47B9-A023-D57B262ACBB8}.Static_Multibyte_Debug|Win32.Build.0 = Static_Multibyte_Debug|Win32
		{57155A48-25AC-47B9-A023-D57B262ACBB8}.Static_Multibyte_Release_Without_Log|Win32.ActiveCfg = Static_Multibyte_Release|Win32
		{57155A48-25AC-47B9-A023-D57B262ACBB8}.Static_Multibyte_Release_Without_Log|Win32.Build.0 = Static_Multibyte_Release|Win32
		{57155A48-25AC-47B9-A023-D57B262ACBB8}.Static_Multibyte_Release|Win32.ActiveCfg = Static_Multibyte_Release|Win32
		{57155A48-25AC-47B9-A023-D57B262ACBB8}.Static_Multibyte_Release|Win32.Build.0 = Static_Multibyte_Release|Win32
		{57155A48-25AC-47B9-A023-D57B262ACBB8}.Static_Unicode_Debug|Win32.ActiveCfg = Static_Unicode_Debug|Win32
		{57155A48-25AC-47B9-A023-D57B262ACBB8}.Static_Unicode_Debug|Win32.Build.0 = Static_Unicode_Debug|Win32
		{57155A48-25AC-47B9-A023-D57B262ACBB8}.Static_Unicode_Release|Win32.ActiveCfg = Static_Unicode_Release|Win32
		{57155A48-25AC-47B9-A023-D57B262ACBB8}.Static_Unicode_Release|Win32.Build.0 = Static_Unicode_Release|Win32
	EndGlobalSection
	GlobalSection(SolutionProperties) = preSolution
		HideSolutionNode = FALSE
	EndGlobalSection
EndGlobal
